{
  "originHash" : "3b33000b4ef599f7704952acee0814f70805fa2b8b06bf01dccb51ce7dd7fcea",
  "pins" : [
    {
      "identity" : "swift-log",
      "kind" : "remoteSourceControl",
      "location" : "https://github.com/apple/swift-log.git",
      "state" : {
        "revision" : "9cb486020ebf03bfa5b5df985387a14a98744537",
        "version" : "1.6.1"
      }
    },
    {
      "identity" : "webpencoder",
      "kind" : "remoteSourceControl",
      "location" : "https://github.com/Kyome22/WebPEncoder.git",
      "state" : {
        "revision" : "4023901235d9dda3f38df918afd3f80024e82e23",
        "version" : "0.1.1"
      }
    }
  ],
  "version" : 3
}
