{
  "originHash" : "9d268620ada2c895a81da057096e44383d12fe3f5ff1dd1233f11c3b224763d1",
  "pins" : [
    {
      "identity" : "swift-log",
      "kind" : "remoteSourceControl",
      "location" : "https://github.com/apple/swift-log.git",
      "state" : {
        "revision" : "9cb486020ebf03bfa5b5df985387a14a98744537",
        "version" : "1.6.1"
      }
    },
    {
      "identity" : "webpencoder",
      "kind" : "remoteSourceControl",
      "location" : "https://github.com/Kyome22/WebPEncoder.git",
      "state" : {
        "revision" : "303bab839ee925bb82eb849e7fff03aab6baab6d",
        "version" : "0.1.0"
      }
    }
  ],
  "version" : 3
}
