{
  "originHash" : "bd12a0fa1641c206abc82fe64c21017b95144545221e1b6a94bf721935658727",
  "pins" : [
    {
      "identity" : "swift-log",
      "kind" : "remoteSourceControl",
      "location" : "https://github.com/apple/swift-log.git",
      "state" : {
        "revision" : "5073617dac96330a486245e4c0179cb0a6fd2256",
        "version" : "1.12.0"
      }
    },
    {
      "identity" : "webpencoder",
      "kind" : "remoteSourceControl",
      "location" : "https://github.com/Kyome22/WebPEncoder.git",
      "state" : {
        "revision" : "4023901235d9dda3f38df918afd3f80024e82e23",
        "version" : "0.1.1"
      }
    }
  ],
  "version" : 3
}
